
Microsoft Visual Studio Solution File, Format Version 12.00
# Visual Studio Version 16
VisualStudioVersion = 16.0.30204.135
MinimumVisualStudioVersion = 10.0.40219.1
Project("{FAE04EC0-301F-11D3-BF4B-00C04F79EFBC}") = "My Favorit Song", "My Favorit Song\My Favorit Song.csproj", "{517A7201-82D6-4551-AC01-9717A687FFAA}"
EndProject
Global
	GlobalSection(SolutionConfigurationPlatforms) = preSolution
		Debug|Any CPU = Debug|Any CPU
		Release|Any CPU = Release|Any CPU
	EndGlobalSection
	GlobalSection(ProjectConfigurationPlatforms) = postSolution
		{517A7201-82D6-4551-AC01-9717A687FFAA}.Debug|Any CPU.ActiveCfg = Debug|Any CPU
		{517A7201-82D6-4551-AC01-9717A687FFAA}.Debug|Any CPU.Build.0 = Debug|Any CPU
		{517A7201-82D6-4551-AC01-9717A687FFAA}.Release|Any CPU.ActiveCfg = Release|Any CPU
		{517A7201-82D6-4551-AC01-9717A687FFAA}.Release|Any CPU.Build.0 = Release|Any CPU
	EndGlobalSection
	GlobalSection(SolutionProperties) = preSolution
		HideSolutionNode = FALSE
	EndGlobalSection
	GlobalSection(ExtensibilityGlobals) = postSolution
		SolutionGuid = {1546B1A6-5A6C-4694-9395-F173BDD9ADBA}
	EndGlobalSection
EndGlobal
